
Microsoft Visual Studio Solution File, Format Version 12.00
# Visual Studio Version 17
VisualStudioVersion = 17.7.34221.43
MinimumVisualStudioVersion = 10.0.40219.1
Project("{9A19103F-16F7-4668-BE54-9A1E7A4F7556}") = "BlogAPI", "BlogAPI\BlogAPI.csproj", "{A7981D6A-9512-495B-8DDC-965B06290E85}"
EndProject
Project("{E53339B2-1760-4266-BCC7-CA923CBCF16C}") = "docker-compose", "docker-compose.dcproj", "{BC2006B7-DE8E-4C29-98CD-07242B5D96E1}"
EndProject
Project("{FAE04EC0-301F-11D3-BF4B-00C04F79EFBC}") = "BlogApiUnitTests", "BlogApiUnitTests\BlogApiUnitTests.csproj", "{5504BA8E-51CE-4258-8558-F4A51FB172E3}"
EndProject
Global
	GlobalSection(SolutionConfigurationPlatforms) = preSolution
		Debug|Any CPU = Debug|Any CPU
		Release|Any CPU = Release|Any CPU
	EndGlobalSection
	GlobalSection(ProjectConfigurationPlatforms) = postSolution
		{A7981D6A-9512-495B-8DDC-965B06290E85}.Debug|Any CPU.ActiveCfg = Debug|Any CPU
		{A7981D6A-9512-495B-8DDC-965B06290E85}.Debug|Any CPU.Build.0 = Debug|Any CPU
		{A7981D6A-9512-495B-8DDC-965B06290E85}.Release|Any CPU.ActiveCfg = Release|Any CPU
		{A7981D6A-9512-495B-8DDC-965B06290E85}.Release|Any CPU.Build.0 = Release|Any CPU
		{BC2006B7-DE8E-4C29-98CD-07242B5D96E1}.Debug|Any CPU.ActiveCfg = Debug|Any CPU
		{BC2006B7-DE8E-4C29-98CD-07242B5D96E1}.Debug|Any CPU.Build.0 = Debug|Any CPU
		{BC2006B7-DE8E-4C29-98CD-07242B5D96E1}.Release|Any CPU.ActiveCfg = Release|Any CPU
		{BC2006B7-DE8E-4C29-98CD-07242B5D96E1}.Release|Any CPU.Build.0 = Release|Any CPU
		{5504BA8E-51CE-4258-8558-F4A51FB172E3}.Debug|Any CPU.ActiveCfg = Debug|Any CPU
		{5504BA8E-51CE-4258-8558-F4A51FB172E3}.Debug|Any CPU.Build.0 = Debug|Any CPU
		{5504BA8E-51CE-4258-8558-F4A51FB172E3}.Release|Any CPU.ActiveCfg = Release|Any CPU
		{5504BA8E-51CE-4258-8558-F4A51FB172E3}.Release|Any CPU.Build.0 = Release|Any CPU
	EndGlobalSection
	GlobalSection(SolutionProperties) = preSolution
		HideSolutionNode = FALSE
	EndGlobalSection
	GlobalSection(ExtensibilityGlobals) = postSolution
		SolutionGuid = {F24C933C-3225-468A-9034-3190B9F47384}
	EndGlobalSection
EndGlobal
